{
  "name": "core",
  "version": "0.1.0",
  "lockfileVersion": 1,
  "requires": true,
  "dependencies": {
    "fork-awesome": {
      "version": "1.1.7",
      "resolved": "https://registry.npmjs.org/fork-awesome/-/fork-awesome-1.1.7.tgz",
      "integrity": "sha512-IHI7XCSXrKfUIWslse8c/PaaVDT1oBaYge+ju40ihL2ooiQeBpTr4wvIXhgTd2NuhntlvX+M5jYHAPTzNlmv0g=="
    },
    "inter-ui": {
      "version": "3.11.0",
      "resolved": "https://registry.npmjs.org/inter-ui/-/inter-ui-3.11.0.tgz",
      "integrity": "sha512-jZur5LH/am3MUtBs7473ary7Q5/sMP68/2UWkLIdNOEbKyBThzcxi+HWTwFlSet/spShI9GPCWcyIrk2qkLlaw=="
    },
    "typeface-merriweather": {
      "version": "0.0.72",
      "resolved": "https://registry.npmjs.org/typeface-merriweather/-/typeface-merriweather-0.0.72.tgz",
      "integrity": "sha512-gO0+fcZ1fTyKUsYY1ltYOOTI6FmBGeEdyIfeQg9NL8aInndk0feiJJVJsKHm/DiyYrnQEezraAQhz/KQoqMGtw=="
    }
  }
}
